
Microsoft Visual Studio Solution File, Format Version 12.00
# Visual Studio Version 16
VisualStudioVersion = 16.0.31105.61
MinimumVisualStudioVersion = 10.0.40219.1
Project("{FAE04EC0-301F-11D3-BF4B-00C04F79EFBC}") = "SelectionBoxDemo", "WpfApp2\SelectionBoxDemo.csproj", "{141B291C-76CC-46F6-B484-495277A46247}"
EndProject
Global
	GlobalSection(SolutionConfigurationPlatforms) = preSolution
		Debug|Any CPU = Debug|Any CPU
		Release|Any CPU = Release|Any CPU
	EndGlobalSection
	GlobalSection(ProjectConfigurationPlatforms) = postSolution
		{141B291C-76CC-46F6-B484-495277A46247}.Debug|Any CPU.ActiveCfg = Debug|Any CPU
		{141B291C-76CC-46F6-B484-495277A46247}.Debug|Any CPU.Build.0 = Debug|Any CPU
		{141B291C-76CC-46F6-B484-495277A46247}.Release|Any CPU.ActiveCfg = Release|Any CPU
		{141B291C-76CC-46F6-B484-495277A46247}.Release|Any CPU.Build.0 = Release|Any CPU
	EndGlobalSection
	GlobalSection(SolutionProperties) = preSolution
		HideSolutionNode = FALSE
	EndGlobalSection
	GlobalSection(ExtensibilityGlobals) = postSolution
		SolutionGuid = {B551C6D1-AA7B-47FA-9D5F-72CEFB461A72}
	EndGlobalSection
EndGlobal
